// !$*UTF8*$!
{
	archiveVersion = 1;
	classes = {
	};
	objectVersion = 56;
	objects = {

/* Begin PBXBuildFile section */
		4438D9232A72DC4100EE871E /* AppDelegate.swift in Sources */ = {isa = PBXBuildFile; fileRef = 4438D9222A72DC4100EE871E /* AppDelegate.swift */; };
		4438D9252A72DC4100EE871E /* SceneDelegate.swift in Sources */ = {isa = PBXBuildFile; fileRef = 4438D9242A72DC4100EE871E /* SceneDelegate.swift */; };
		4438D9272A72DC4100EE871E /* ViewController.swift in Sources */ = {isa = PBXBuildFile; fileRef = 4438D9262A72DC4100EE871E /* ViewController.swift */; };
		4438D92C2A72DC4200EE871E /* Assets.xcassets in Resources */ = {isa = PBXBuildFile; fileRef = 4438D92B2A72DC4200EE871E /* Assets.xcassets */; };
		4438D92F2A72DC4200EE871E /* LaunchScreen.storyboard in Resources */ = {isa = PBXBuildFile; fileRef = 4438D92D2A72DC4200EE871E /* LaunchScreen.storyboard */; };
		4438D9382A72DE1900EE871E /* SnapKit in Frameworks */ = {isa = PBXBuildFile; productRef = 4438D9372A72DE1900EE871E /* SnapKit */; };
		4438D93A2A72F98E00EE871E /* weatherData.swift in Sources */ = {isa = PBXBuildFile; fileRef = 4438D9392A72F98E00EE871E /* weatherData.swift */; };
		4438D9622A795D3900EE871E /* NetworkServices.swift in Sources */ = {isa = PBXBuildFile; fileRef = 4438D9612A795D3900EE871E /* NetworkServices.swift */; };
		4438D9672A79601D00EE871E /* Presenter.swift in Sources */ = {isa = PBXBuildFile; fileRef = 4438D9662A79601D00EE871E /* Presenter.swift */; };
		4438D9692A79604200EE871E /* WeatherViewProtocol.swift in Sources */ = {isa = PBXBuildFile; fileRef = 4438D9682A79604200EE871E /* WeatherViewProtocol.swift */; };
		4438D96B2A79605C00EE871E /* WeatherPresenterProtocol.swift in Sources */ = {isa = PBXBuildFile; fileRef = 4438D96A2A79605C00EE871E /* WeatherPresenterProtocol.swift */; };
		4438D96E2A7969B900EE871E /* Configure.swift in Sources */ = {isa = PBXBuildFile; fileRef = 4438D96D2A7969B900EE871E /* Configure.swift */; };
/* End PBXBuildFile section */

/* Begin PBXFileReference section */
		4438D91F2A72DC4100EE871E /* weatherTest.app */ = {isa = PBXFileReference; explicitFileType = wrapper.application; includeInIndex = 0; path = weatherTest.app; sourceTree = BUILT_PRODUCTS_DIR; };
		4438D9222A72DC4100EE871E /* AppDelegate.swift */ = {isa = PBXFileReference; lastKnownFileType = sourcecode.swift; path = AppDelegate.swift; sourceTree = "<group>"; };
		4438D9242A72DC4100EE871E /* SceneDelegate.swift */ = {isa = PBXFileReference; lastKnownFileType = sourcecode.swift; path = SceneDelegate.swift; sourceTree = "<group>"; };
		4438D9262A72DC4100EE871E /* ViewController.swift */ = {isa = PBXFileReference; lastKnownFileType = sourcecode.swift; path = ViewController.swift; sourceTree = "<group>"; };
		4438D92B2A72DC4200EE871E /* Assets.xcassets */ = {isa = PBXFileReference; lastKnownFileType = folder.assetcatalog; path = Assets.xcassets; sourceTree = "<group>"; };
		4438D92E2A72DC4200EE871E /* Base */ = {isa = PBXFileReference; lastKnownFileType = file.storyboard; name = Base; path = Base.lproj/LaunchScreen.storyboard; sourceTree = "<group>"; };
		4438D9302A72DC4200EE871E /* Info.plist */ = {isa = PBXFileReference; lastKnownFileType = text.plist.xml; path = Info.plist; sourceTree = "<group>"; };
		4438D9392A72F98E00EE871E /* weatherData.swift */ = {isa = PBXFileReference; lastKnownFileType = sourcecode.swift; path = weatherData.swift; sourceTree = "<group>"; };
		4438D9612A795D3900EE871E /* NetworkServices.swift */ = {isa = PBXFileReference; lastKnownFileType = sourcecode.swift; path = NetworkServices.swift; sourceTree = "<group>"; };
		4438D9662A79601D00EE871E /* Presenter.swift */ = {isa = PBXFileReference; lastKnownFileType = sourcecode.swift; path = Presenter.swift; sourceTree = "<group>"; };
		4438D9682A79604200EE871E /* WeatherViewProtocol.swift */ = {isa = PBXFileReference; lastKnownFileType = sourcecode.swift; path = WeatherViewProtocol.swift; sourceTree = "<group>"; };
		4438D96A2A79605C00EE871E /* WeatherPresenterProtocol.swift */ = {isa = PBXFileReference; lastKnownFileType = sourcecode.swift; path = WeatherPresenterProtocol.swift; sourceTree = "<group>"; };
		4438D96D2A7969B900EE871E /* Configure.swift */ = {isa = PBXFileReference; lastKnownFileType = sourcecode.swift; path = Configure.swift; sourceTree = "<group>"; };
/* End PBXFileReference section */

/* Begin PBXFrameworksBuildPhase section */
		4438D91C2A72DC4100EE871E /* Frameworks */ = {
			isa = PBXFrameworksBuildPhase;
			buildActionMask = 2147483647;
			files = (
				4438D9382A72DE1900EE871E /* SnapKit in Frameworks */,
			);
			runOnlyForDeploymentPostprocessing = 0;
		};
/* End PBXFrameworksBuildPhase section */

/* Begin PBXGroup section */
		4438D9162A72DC4100EE871E = {
			isa = PBXGroup;
			children = (
				4438D9212A72DC4100EE871E /* weatherTest */,
				4438D9202A72DC4100EE871E /* Products */,
			);
			sourceTree = "<group>";
		};
		4438D9202A72DC4100EE871E /* Products */ = {
			isa = PBXGroup;
			children = (
				4438D91F2A72DC4100EE871E /* weatherTest.app */,
			);
			name = Products;
			sourceTree = "<group>";
		};
		4438D9212A72DC4100EE871E /* weatherTest */ = {
			isa = PBXGroup;
			children = (
				4438D9652A79600A00EE871E /* Model */,
				4438D9642A795FD500EE871E /* Presenter */,
				4438D9632A795FC800EE871E /* View */,
				4438D9602A795D1100EE871E /* Services  */,
				4438D9222A72DC4100EE871E /* AppDelegate.swift */,
				4438D9242A72DC4100EE871E /* SceneDelegate.swift */,
				4438D92B2A72DC4200EE871E /* Assets.xcassets */,
				4438D92D2A72DC4200EE871E /* LaunchScreen.storyboard */,
				4438D9302A72DC4200EE871E /* Info.plist */,
				4438D96D2A7969B900EE871E /* Configure.swift */,
			);
			path = weatherTest;
			sourceTree = "<group>";
		};
		4438D9602A795D1100EE871E /* Services  */ = {
			isa = PBXGroup;
			children = (
				4438D9612A795D3900EE871E /* NetworkServices.swift */,
			);
			path = "Services ";
			sourceTree = "<group>";
		};
		4438D9632A795FC800EE871E /* View */ = {
			isa = PBXGroup;
			children = (
				4438D9262A72DC4100EE871E /* ViewController.swift */,
				4438D9682A79604200EE871E /* WeatherViewProtocol.swift */,
			);
			path = View;
			sourceTree = "<group>";
		};
		4438D9642A795FD500EE871E /* Presenter */ = {
			isa = PBXGroup;
			children = (
				4438D9662A79601D00EE871E /* Presenter.swift */,
				4438D96A2A79605C00EE871E /* WeatherPresenterProtocol.swift */,
			);
			path = Presenter;
			sourceTree = "<group>";
		};
		4438D9652A79600A00EE871E /* Model */ = {
			isa = PBXGroup;
			children = (
				4438D9392A72F98E00EE871E /* weatherData.swift */,
			);
			path = Model;
			sourceTree = "<group>";
		};
/* End PBXGroup section */

/* Begin PBXNativeTarget section */
		4438D91E2A72DC4100EE871E /* weatherTest */ = {
			isa = PBXNativeTarget;
			buildConfigurationList = 4438D9332A72DC4200EE871E /* Build configuration list for PBXNativeTarget "weatherTest" */;
			buildPhases = (
				4438D91B2A72DC4100EE871E /* Sources */,
				4438D91C2A72DC4100EE871E /* Frameworks */,
				4438D91D2A72DC4100EE871E /* Resources */,
			);
			buildRules = (
			);
			dependencies = (
			);
			name = weatherTest;
			packageProductDependencies = (
				4438D9372A72DE1900EE871E /* SnapKit */,
			);
			productName = weatherTest;
			productReference = 4438D91F2A72DC4100EE871E /* weatherTest.app */;
			productType = "com.apple.product-type.application";
		};
/* End PBXNativeTarget section */

/* Begin PBXProject section */
		4438D9172A72DC4100EE871E /* Project object */ = {
			isa = PBXProject;
			attributes = {
				BuildIndependentTargetsInParallel = 1;
				LastSwiftUpdateCheck = 1430;
				LastUpgradeCheck = 1430;
				TargetAttributes = {
					4438D91E2A72DC4100EE871E = {
						CreatedOnToolsVersion = 14.3;
					};
				};
			};
			buildConfigurationList = 4438D91A2A72DC4100EE871E /* Build configuration list for PBXProject "weatherTest" */;
			compatibilityVersion = "Xcode 14.0";
			developmentRegion = en;
			hasScannedForEncodings = 0;
			knownRegions = (
				en,
				Base,
			);
			mainGroup = 4438D9162A72DC4100EE871E;
			packageReferences = (
				4438D9362A72DE1900EE871E /* XCRemoteSwiftPackageReference "SnapKit" */,
			);
			productRefGroup = 4438D9202A72DC4100EE871E /* Products */;
			projectDirPath = "";
			projectRoot = "";
			targets = (
				4438D91E2A72DC4100EE871E /* weatherTest */,
			);
		};
/* End PBXProject section */

/* Begin PBXResourcesBuildPhase section */
		4438D91D2A72DC4100EE871E /* Resources */ = {
			isa = PBXResourcesBuildPhase;
			buildActionMask = 2147483647;
			files = (
				4438D92F2A72DC4200EE871E /* LaunchScreen.storyboard in Resources */,
				4438D92C2A72DC4200EE871E /* Assets.xcassets in Resources */,
			);
			runOnlyForDeploymentPostprocessing = 0;
		};
/* End PBXResourcesBuildPhase section */

/* Begin PBXSourcesBuildPhase section */
		4438D91B2A72DC4100EE871E /* Sources */ = {
			isa = PBXSourcesBuildPhase;
			buildActionMask = 2147483647;
			files = (
				4438D9672A79601D00EE871E /* Presenter.swift in Sources */,
				4438D9622A795D3900EE871E /* NetworkServices.swift in Sources */,
				4438D9272A72DC4100EE871E /* ViewController.swift in Sources */,
				4438D96B2A79605C00EE871E /* WeatherPresenterProtocol.swift in Sources */,
				4438D9232A72DC4100EE871E /* AppDelegate.swift in Sources */,
				4438D96E2A7969B900EE871E /* Configure.swift in Sources */,
				4438D93A2A72F98E00EE871E /* weatherData.swift in Sources */,
				4438D9692A79604200EE871E /* WeatherViewProtocol.swift in Sources */,
				4438D9252A72DC4100EE871E /* SceneDelegate.swift in Sources */,
			);
			runOnlyForDeploymentPostprocessing = 0;
		};
/* End PBXSourcesBuildPhase section */

/* Begin PBXVariantGroup section */
		4438D92D2A72DC4200EE871E /* LaunchScreen.storyboard */ = {
			isa = PBXVariantGroup;
			children = (
				4438D92E2A72DC4200EE871E /* Base */,
			);
			name = LaunchScreen.storyboard;
			sourceTree = "<group>";
		};
/* End PBXVariantGroup section */

/* Begin XCBuildConfiguration section */
		4438D9312A72DC4200EE871E /* Debug */ = {
			isa = XCBuildConfiguration;
			buildSettings = {
				ALWAYS_SEARCH_USER_PATHS = NO;
				CLANG_ANALYZER_NONNULL = YES;
				CLANG_ANALYZER_NUMBER_OBJECT_CONVERSION = YES_AGGRESSIVE;
				CLANG_CXX_LANGUAGE_STANDARD = "gnu++20";
				CLANG_ENABLE_MODULES = YES;
				CLANG_ENABLE_OBJC_ARC = YES;
				CLANG_ENABLE_OBJC_WEAK = YES;
				CLANG_WARN_BLOCK_CAPTURE_AUTORELEASING = YES;
				CLANG_WARN_BOOL_CONVERSION = YES;
				CLANG_WARN_COMMA = YES;
				CLANG_WARN_CONSTANT_CONVERSION = YES;
				CLANG_WARN_DEPRECATED_OBJC_IMPLEMENTATIONS = YES;
				CLANG_WARN_DIRECT_OBJC_ISA_USAGE = YES_ERROR;
				CLANG_WARN_DOCUMENTATION_COMMENTS = YES;
				CLANG_WARN_EMPTY_BODY = YES;
				CLANG_WARN_ENUM_CONVERSION = YES;
				CLANG_WARN_INFINITE_RECURSION = YES;
				CLANG_WARN_INT_CONVERSION = YES;
				CLANG_WARN_NON_LITERAL_NULL_CONVERSION = YES;
				CLANG_WARN_OBJC_IMPLICIT_RETAIN_SELF = YES;
				CLANG_WARN_OBJC_LITERAL_CONVERSION = YES;
				CLANG_WARN_OBJC_ROOT_CLASS = YES_ERROR;
				CLANG_WARN_QUOTED_INCLUDE_IN_FRAMEWORK_HEADER = YES;
				CLANG_WARN_RANGE_LOOP_ANALYSIS = YES;
				CLANG_WARN_STRICT_PROTOTYPES = YES;
				CLANG_WARN_SUSPICIOUS_MOVE = YES;
				CLANG_WARN_UNGUARDED_AVAILABILITY = YES_AGGRESSIVE;
				CLANG_WARN_UNREACHABLE_CODE = YES;
				CLANG_WARN__DUPLICATE_METHOD_MATCH = YES;
				COPY_PHASE_STRIP = NO;
				DEBUG_INFORMATION_FORMAT = dwarf;
				ENABLE_STRICT_OBJC_MSGSEND = YES;
				ENABLE_TESTABILITY = YES;
				GCC_C_LANGUAGE_STANDARD = gnu11;
				GCC_DYNAMIC_NO_PIC = NO;
				GCC_NO_COMMON_BLOCKS = YES;
				GCC_OPTIMIZATION_LEVEL = 0;
				GCC_PREPROCESSOR_DEFINITIONS = (
					"DEBUG=1",
					"$(inherited)",
				);
				GCC_WARN_64_TO_32_BIT_CONVERSION = YES;
				GCC_WARN_ABOUT_RETURN_TYPE = YES_ERROR;
				GCC_WARN_UNDECLARED_SELECTOR = YES;
				GCC_WARN_UNINITIALIZED_AUTOS = YES_AGGRESSIVE;
				GCC_WARN_UNUSED_FUNCTION = YES;
				GCC_WARN_UNUSED_VARIABLE = YES;
				IPHONEOS_DEPLOYMENT_TARGET = 16.4;
				MTL_ENABLE_DEBUG_INFO = INCLUDE_SOURCE;
				MTL_FAST_MATH = YES;
				ONLY_ACTIVE_ARCH = YES;
				SDKROOT = iphoneos;
				SWIFT_ACTIVE_COMPILATION_CONDITIONS = DEBUG;
				SWIFT_OPTIMIZATION_LEVEL = "-Onone";
			};
			name = Debug;
		};
		4438D9322A72DC4200EE871E /* Release */ = {
			isa = XCBuildConfiguration;
			buildSettings = {
				ALWAYS_SEARCH_USER_PATHS = NO;
				CLANG_ANALYZER_NONNULL = YES;
				CLANG_ANALYZER_NUMBER_OBJECT_CONVERSION = YES_AGGRESSIVE;
				CLANG_CXX_LANGUAGE_STANDARD = "gnu++20";
				CLANG_ENABLE_MODULES = YES;
				CLANG_ENABLE_OBJC_ARC = YES;
				CLANG_ENABLE_OBJC_WEAK = YES;
				CLANG_WARN_BLOCK_CAPTURE_AUTORELEASING = YES;
				CLANG_WARN_BOOL_CONVERSION = YES;
				CLANG_WARN_COMMA = YES;
				CLANG_WARN_CONSTANT_CONVERSION = YES;
				CLANG_WARN_DEPRECATED_OBJC_IMPLEMENTATIONS = YES;
				CLANG_WARN_DIRECT_OBJC_ISA_USAGE = YES_ERROR;
				CLANG_WARN_DOCUMENTATION_COMMENTS = YES;
				CLANG_WARN_EMPTY_BODY = YES;
				CLANG_WARN_ENUM_CONVERSION = YES;
				CLANG_WARN_INFINITE_RECURSION = YES;
				CLANG_WARN_INT_CONVERSION = YES;
				CLANG_WARN_NON_LITERAL_NULL_CONVERSION = YES;
				CLANG_WARN_OBJC_IMPLICIT_RETAIN_SELF = YES;
				CLANG_WARN_OBJC_LITERAL_CONVERSION = YES;
				CLANG_WARN_OBJC_ROOT_CLASS = YES_ERROR;
				CLANG_WARN_QUOTED_INCLUDE_IN_FRAMEWORK_HEADER = YES;
				CLANG_WARN_RANGE_LOOP_ANALYSIS = YES;
				CLANG_WARN_STRICT_PROTOTYPES = YES;
				CLANG_WARN_SUSPICIOUS_MOVE = YES;
				CLANG_WARN_UNGUARDED_AVAILABILITY = YES_AGGRESSIVE;
				CLANG_WARN_UNREACHABLE_CODE = YES;
				CLANG_WARN__DUPLICATE_METHOD_MATCH = YES;
				COPY_PHASE_STRIP = NO;
				DEBUG_INFORMATION_FORMAT = "dwarf-with-dsym";
				ENABLE_NS_ASSERTIONS = NO;
				ENABLE_STRICT_OBJC_MSGSEND = YES;
				GCC_C_LANGUAGE_STANDARD = gnu11;
				GCC_NO_COMMON_BLOCKS = YES;
				GCC_WARN_64_TO_32_BIT_CONVERSION = YES;
				GCC_WARN_ABOUT_RETURN_TYPE = YES_ERROR;
				GCC_WARN_UNDECLARED_SELECTOR = YES;
				GCC_WARN_UNINITIALIZED_AUTOS = YES_AGGRESSIVE;
				GCC_WARN_UNUSED_FUNCTION = YES;
				GCC_WARN_UNUSED_VARIABLE = YES;
				IPHONEOS_DEPLOYMENT_TARGET = 16.4;
				MTL_ENABLE_DEBUG_INFO = NO;
				MTL_FAST_MATH = YES;
				SDKROOT = iphoneos;
				SWIFT_COMPILATION_MODE = wholemodule;
				SWIFT_OPTIMIZATION_LEVEL = "-O";
				VALIDATE_PRODUCT = YES;
			};
			name = Release;
		};
		4438D9342A72DC4200EE871E /* Debug */ = {
			isa = XCBuildConfiguration;
			buildSettings = {
				ASSETCATALOG_COMPILER_APPICON_NAME = AppIcon;
				ASSETCATALOG_COMPILER_GLOBAL_ACCENT_COLOR_NAME = AccentColor;
				CODE_SIGN_STYLE = Automatic;
				CURRENT_PROJECT_VERSION = 1;
				DEVELOPMENT_TEAM = QY8YQ47QZU;
				GENERATE_INFOPLIST_FILE = YES;
				INFOPLIST_FILE = weatherTest/Info.plist;
				INFOPLIST_KEY_UIApplicationSupportsIndirectInputEvents = YES;
				INFOPLIST_KEY_UILaunchStoryboardName = LaunchScreen;
				INFOPLIST_KEY_UISupportedInterfaceOrientations = UIInterfaceOrientationPortrait;
				INFOPLIST_KEY_UISupportedInterfaceOrientations_iPad = "UIInterfaceOrientationLandscapeLeft UIInterfaceOrientationLandscapeRight UIInterfaceOrientationPortrait UIInterfaceOrientationPortraitUpsideDown";
				IPHONEOS_DEPLOYMENT_TARGET = 14;
				LD_RUNPATH_SEARCH_PATHS = (
					"$(inherited)",
					"@executable_path/Frameworks",
				);
				MARKETING_VERSION = 1.0;
				PRODUCT_BUNDLE_IDENTIFIER = RuslanBelov.weatherTest;
				PRODUCT_NAME = "$(TARGET_NAME)";
				SWIFT_EMIT_LOC_STRINGS = YES;
				SWIFT_VERSION = 5.0;
				TARGETED_DEVICE_FAMILY = "1,2";
			};
			name = Debug;
		};
		4438D9352A72DC4200EE871E /* Release */ = {
			isa = XCBuildConfiguration;
			buildSettings = {
				ASSETCATALOG_COMPILER_APPICON_NAME = AppIcon;
				ASSETCATALOG_COMPILER_GLOBAL_ACCENT_COLOR_NAME = AccentColor;
				CODE_SIGN_STYLE = Automatic;
				CURRENT_PROJECT_VERSION = 1;
				DEVELOPMENT_TEAM = QY8YQ47QZU;
				GENERATE_INFOPLIST_FILE = YES;
				INFOPLIST_FILE = weatherTest/Info.plist;
				INFOPLIST_KEY_UIApplicationSupportsIndirectInputEvents = YES;
				INFOPLIST_KEY_UILaunchStoryboardName = LaunchScreen;
				INFOPLIST_KEY_UISupportedInterfaceOrientations = UIInterfaceOrientationPortrait;
				INFOPLIST_KEY_UISupportedInterfaceOrientations_iPad = "UIInterfaceOrientationLandscapeLeft UIInterfaceOrientationLandscapeRight UIInterfaceOrientationPortrait UIInterfaceOrientationPortraitUpsideDown";
				IPHONEOS_DEPLOYMENT_TARGET = 14;
				LD_RUNPATH_SEARCH_PATHS = (
					"$(inherited)",
					"@executable_path/Frameworks",
				);
				MARKETING_VERSION = 1.0;
				PRODUCT_BUNDLE_IDENTIFIER = RuslanBelov.weatherTest;
				PRODUCT_NAME = "$(TARGET_NAME)";
				SWIFT_EMIT_LOC_STRINGS = YES;
				SWIFT_VERSION = 5.0;
				TARGETED_DEVICE_FAMILY = "1,2";
			};
			name = Release;
		};
/* End XCBuildConfiguration section */

/* Begin XCConfigurationList section */
		4438D91A2A72DC4100EE871E /* Build configuration list for PBXProject "weatherTest" */ = {
			isa = XCConfigurationList;
			buildConfigurations = (
				4438D9312A72DC4200EE871E /* Debug */,
				4438D9322A72DC4200EE871E /* Release */,
			);
			defaultConfigurationIsVisible = 0;
			defaultConfigurationName = Release;
		};
		4438D9332A72DC4200EE871E /* Build configuration list for PBXNativeTarget "weatherTest" */ = {
			isa = XCConfigurationList;
			buildConfigurations = (
				4438D9342A72DC4200EE871E /* Debug */,
				4438D9352A72DC4200EE871E /* Release */,
			);
			defaultConfigurationIsVisible = 0;
			defaultConfigurationName = Release;
		};
/* End XCConfigurationList section */

/* Begin XCRemoteSwiftPackageReference section */
		4438D9362A72DE1900EE871E /* XCRemoteSwiftPackageReference "SnapKit" */ = {
			isa = XCRemoteSwiftPackageReference;
			repositoryURL = "https://github.com/SnapKit/SnapKit.git";
			requirement = {
				kind = upToNextMinorVersion;
				minimumVersion = 5.6.0;
			};
		};
/* End XCRemoteSwiftPackageReference section */

/* Begin XCSwiftPackageProductDependency section */
		4438D9372A72DE1900EE871E /* SnapKit */ = {
			isa = XCSwiftPackageProductDependency;
			package = 4438D9362A72DE1900EE871E /* XCRemoteSwiftPackageReference "SnapKit" */;
			productName = SnapKit;
		};
/* End XCSwiftPackageProductDependency section */
	};
	rootObject = 4438D9172A72DC4100EE871E /* Project object */;
}
